{
  "pins" : [
    {
      "identity" : "banubautilities-ios",
      "kind" : "remoteSourceControl",
      "location" : "https://github.com/Banuba/BanubaUtilities-iOS.git",
      "state" : {
        "revision" : "231c173c0f22c359e8e0a89b92aa737c89fa8db0",
        "version" : "1.45.0"
      }
    },
    {
      "identity" : "banubavideoeditorcore-ios",
      "kind" : "remoteSourceControl",
      "location" : "https://github.com/Banuba/BanubaVideoEditorCore-iOS.git",
      "state" : {
        "revision" : "5df328398eb6a231deae47f0929c6f7130c6ac47",
        "version" : "1.45.0"
      }
    },
    {
      "identity" : "bnbbackground",
      "kind" : "remoteSourceControl",
      "location" : "https://github.com/sdk-banuba/BNBBackground.git",
      "state" : {
        "revision" : "bc2e276c4c1d8d94415a3d363e79ddfe3c93b12d",
        "version" : "1.17.3"
      }
    },
    {
      "identity" : "bnbeffectplayer",
      "kind" : "remoteSourceControl",
      "location" : "https://github.com/sdk-banuba/BNBEffectPlayer.git",
      "state" : {
        "revision" : "8e058c310b96fa487201aa99408d3ee2a51febbf",
        "version" : "1.17.3"
      }
    },
    {
      "identity" : "bnbeyes",
      "kind" : "remoteSourceControl",
      "location" : "https://github.com/sdk-banuba/BNBEyes.git",
      "state" : {
        "revision" : "6011a57e4c47fb228a5ce921649cbe50322bd81c",
        "version" : "1.17.3"
      }
    },
    {
      "identity" : "bnbfacetracker",
      "kind" : "remoteSourceControl",
      "location" : "https://github.com/sdk-banuba/BNBFaceTracker.git",
      "state" : {
        "revision" : "1ac89b5047d4165378a035c4e033405f47c55771",
        "version" : "1.17.3"
      }
    },
    {
      "identity" : "bnbhair",
      "kind" : "remoteSourceControl",
      "location" : "https://github.com/sdk-banuba/BNBHair.git",
      "state" : {
        "revision" : "ec8bd4b8d1e689e6906b562dce5117c26e227bee",
        "version" : "1.17.3"
      }
    },
    {
      "identity" : "bnblips",
      "kind" : "remoteSourceControl",
      "location" : "https://github.com/sdk-banuba/BNBLips.git",
      "state" : {
        "revision" : "bee873fed9a2d16b032124b922e24e59b184b8b5",
        "version" : "1.17.3"
      }
    },
    {
      "identity" : "bnbscripting",
      "kind" : "remoteSourceControl",
      "location" : "https://github.com/sdk-banuba/BNBScripting.git",
      "state" : {
        "revision" : "6b526428ff89b8311108becb5d8852bb0256fc22",
        "version" : "1.17.3"
      }
    },
    {
      "identity" : "bnbsdkapi",
      "kind" : "remoteSourceControl",
      "location" : "https://github.com/sdk-banuba/BNBSdkApi.git",
      "state" : {
        "revision" : "03369965ea58b33cb055926d0fbfef78d16d2015",
        "version" : "1.17.3"
      }
    },
    {
      "identity" : "bnbsdkcore",
      "kind" : "remoteSourceControl",
      "location" : "https://github.com/sdk-banuba/BNBSdkCore.git",
      "state" : {
        "revision" : "a1170b2268abe6e6ca9d32450cfef605dbdaa691",
        "version" : "1.17.3"
      }
    },
    {
      "identity" : "bnbskin",
      "kind" : "remoteSourceControl",
      "location" : "https://github.com/sdk-banuba/BNBSkin.git",
      "state" : {
        "revision" : "098191d52a43cd2dc1dcd3225f97fd8e239aef85",
        "version" : "1.17.3"
      }
    }
  ],
  "version" : 2
}
